
Microsoft Visual Studio Solution File, Format Version 12.00
# Visual Studio Version 16
VisualStudioVersion = 16.0.30804.86
MinimumVisualStudioVersion = 10.0.40219.1
Project("{9A19103F-16F7-4668-BE54-9A1E7A4F7556}") = "CampIntro", "CampIntro\CampIntro.csproj", "{F9120FAD-AF9F-4C03-AE19-B767757D3EA0}"
EndProject
Project("{9A19103F-16F7-4668-BE54-9A1E7A4F7556}") = "ClassIntro", "ClassIntro\ClassIntro.csproj", "{429B1162-E838-41BD-A220-1AB2DE8C417E}"
EndProject
Project("{9A19103F-16F7-4668-BE54-9A1E7A4F7556}") = "Donguler", "Donguler\Donguler.csproj", "{B7E73E0E-5FFA-4DCE-A75F-B5516ABD7893}"
EndProject
Project("{9A19103F-16F7-4668-BE54-9A1E7A4F7556}") = "Metodlar", "Metodlar\Metodlar.csproj", "{F6D3F8E7-1C53-4EDF-B4CB-C0AECA985FEF}"
EndProject
Project("{9A19103F-16F7-4668-BE54-9A1E7A4F7556}") = "Matematik", "Matematik\Matematik.csproj", "{4A4EB6DF-C87C-4343-9487-927B16006711}"
EndProject
Project("{9A19103F-16F7-4668-BE54-9A1E7A4F7556}") = "ClassMetotDemo", "ClassMetotDemo\ClassMetotDemo.csproj", "{240A1A3D-11F4-44AA-AD47-27972B4C4E80}"
EndProject
Project("{9A19103F-16F7-4668-BE54-9A1E7A4F7556}") = "OOP1", "OOP1\OOP1.csproj", "{69A63652-72DC-4832-B151-E53A7318B6B8}"
EndProject
Project("{9A19103F-16F7-4668-BE54-9A1E7A4F7556}") = "Koleksiyonlar", "Koleksiyonlar\Koleksiyonlar.csproj", "{AAD659B8-4E83-419E-98D9-2B0136BE21D0}"
EndProject
Project("{9A19103F-16F7-4668-BE54-9A1E7A4F7556}") = "GenericsIntro", "GenericsIntro\GenericsIntro.csproj", "{ED2C2F68-891D-41D1-845E-B4F1911FBCC3}"
EndProject
Project("{FAE04EC0-301F-11D3-BF4B-00C04F79EFBC}") = "Odev_Dictionary", "Odev_Dictionary\Odev_Dictionary.csproj", "{227C1302-C14F-4F11-A822-14C4CA2B20D3}"
EndProject
Global
	GlobalSection(SolutionConfigurationPlatforms) = preSolution
		Debug|Any CPU = Debug|Any CPU
		Release|Any CPU = Release|Any CPU
	EndGlobalSection
	GlobalSection(ProjectConfigurationPlatforms) = postSolution
		{F9120FAD-AF9F-4C03-AE19-B767757D3EA0}.Debug|Any CPU.ActiveCfg = Debug|Any CPU
		{F9120FAD-AF9F-4C03-AE19-B767757D3EA0}.Debug|Any CPU.Build.0 = Debug|Any CPU
		{F9120FAD-AF9F-4C03-AE19-B767757D3EA0}.Release|Any CPU.ActiveCfg = Release|Any CPU
		{F9120FAD-AF9F-4C03-AE19-B767757D3EA0}.Release|Any CPU.Build.0 = Release|Any CPU
		{429B1162-E838-41BD-A220-1AB2DE8C417E}.Debug|Any CPU.ActiveCfg = Debug|Any CPU
		{429B1162-E838-41BD-A220-1AB2DE8C417E}.Debug|Any CPU.Build.0 = Debug|Any CPU
		{429B1162-E838-41BD-A220-1AB2DE8C417E}.Release|Any CPU.ActiveCfg = Release|Any CPU
		{429B1162-E838-41BD-A220-1AB2DE8C417E}.Release|Any CPU.Build.0 = Release|Any CPU
		{B7E73E0E-5FFA-4DCE-A75F-B5516ABD7893}.Debug|Any CPU.ActiveCfg = Debug|Any CPU
		{B7E73E0E-5FFA-4DCE-A75F-B5516ABD7893}.Debug|Any CPU.Build.0 = Debug|Any CPU
		{B7E73E0E-5FFA-4DCE-A75F-B5516ABD7893}.Release|Any CPU.ActiveCfg = Release|Any CPU
		{B7E73E0E-5FFA-4DCE-A75F-B5516ABD7893}.Release|Any CPU.Build.0 = Release|Any CPU
		{F6D3F8E7-1C53-4EDF-B4CB-C0AECA985FEF}.Debug|Any CPU.ActiveCfg = Debug|Any CPU
		{F6D3F8E7-1C53-4EDF-B4CB-C0AECA985FEF}.Debug|Any CPU.Build.0 = Debug|Any CPU
		{F6D3F8E7-1C53-4EDF-B4CB-C0AECA985FEF}.Release|Any CPU.ActiveCfg = Release|Any CPU
		{F6D3F8E7-1C53-4EDF-B4CB-C0AECA985FEF}.Release|Any CPU.Build.0 = Release|Any CPU
		{4A4EB6DF-C87C-4343-9487-927B16006711}.Debug|Any CPU.ActiveCfg = Debug|Any CPU
		{4A4EB6DF-C87C-4343-9487-927B16006711}.Debug|Any CPU.Build.0 = Debug|Any CPU
		{4A4EB6DF-C87C-4343-9487-927B16006711}.Release|Any CPU.ActiveCfg = Release|Any CPU
		{4A4EB6DF-C87C-4343-9487-927B16006711}.Release|Any CPU.Build.0 = Release|Any CPU
		{240A1A3D-11F4-44AA-AD47-27972B4C4E80}.Debug|Any CPU.ActiveCfg = Debug|Any CPU
		{240A1A3D-11F4-44AA-AD47-27972B4C4E80}.Debug|Any CPU.Build.0 = Debug|Any CPU
		{240A1A3D-11F4-44AA-AD47-27972B4C4E80}.Release|Any CPU.ActiveCfg = Release|Any CPU
		{240A1A3D-11F4-44AA-AD47-27972B4C4E80}.Release|Any CPU.Build.0 = Release|Any CPU
		{69A63652-72DC-4832-B151-E53A7318B6B8}.Debug|Any CPU.ActiveCfg = Debug|Any CPU
		{69A63652-72DC-4832-B151-E53A7318B6B8}.Debug|Any CPU.Build.0 = Debug|Any CPU
		{69A63652-72DC-4832-B151-E53A7318B6B8}.Release|Any CPU.ActiveCfg = Release|Any CPU
		{69A63652-72DC-4832-B151-E53A7318B6B8}.Release|Any CPU.Build.0 = Release|Any CPU
		{AAD659B8-4E83-419E-98D9-2B0136BE21D0}.Debug|Any CPU.ActiveCfg = Debug|Any CPU
		{AAD659B8-4E83-419E-98D9-2B0136BE21D0}.Debug|Any CPU.Build.0 = Debug|Any CPU
		{AAD659B8-4E83-419E-98D9-2B0136BE21D0}.Release|Any CPU.ActiveCfg = Release|Any CPU
		{AAD659B8-4E83-419E-98D9-2B0136BE21D0}.Release|Any CPU.Build.0 = Release|Any CPU
		{ED2C2F68-891D-41D1-845E-B4F1911FBCC3}.Debug|Any CPU.ActiveCfg = Debug|Any CPU
		{ED2C2F68-891D-41D1-845E-B4F1911FBCC3}.Debug|Any CPU.Build.0 = Debug|Any CPU
		{ED2C2F68-891D-41D1-845E-B4F1911FBCC3}.Release|Any CPU.ActiveCfg = Release|Any CPU
		{ED2C2F68-891D-41D1-845E-B4F1911FBCC3}.Release|Any CPU.Build.0 = Release|Any CPU
		{227C1302-C14F-4F11-A822-14C4CA2B20D3}.Debug|Any CPU.ActiveCfg = Debug|Any CPU
		{227C1302-C14F-4F11-A822-14C4CA2B20D3}.Debug|Any CPU.Build.0 = Debug|Any CPU
		{227C1302-C14F-4F11-A822-14C4CA2B20D3}.Release|Any CPU.ActiveCfg = Release|Any CPU
		{227C1302-C14F-4F11-A822-14C4CA2B20D3}.Release|Any CPU.Build.0 = Release|Any CPU
	EndGlobalSection
	GlobalSection(SolutionProperties) = preSolution
		HideSolutionNode = FALSE
	EndGlobalSection
	GlobalSection(ExtensibilityGlobals) = postSolution
		SolutionGuid = {8EF1D5A4-C171-47B3-87A2-080BE6662C7B}
	EndGlobalSection
EndGlobal
